{
  "name": "pex-math",
  "version": "3.0.0-1",
  "lockfileVersion": 1,
  "requires": true,
  "dependencies": {
    "ansi-regex": {
      "version": "2.1.1",
      "resolved": "https://registry.npmjs.org/ansi-regex/-/ansi-regex-2.1.1.tgz",
      "integrity": "sha1-w7M6te42DYbg5ijwRorn7yfWVN8=",
      "dev": true
    },
    "ansi-styles": {
      "version": "2.2.1",
      "resolved": "https://registry.npmjs.org/ansi-styles/-/ansi-styles-2.2.1.tgz",
      "integrity": "sha1-tDLdM1i2NM914eRmQ2gkBTPB3b4=",
      "dev": true
    },
    "chalk": {
      "version": "1.1.3",
      "resolved": "https://registry.npmjs.org/chalk/-/chalk-1.1.3.tgz",
      "integrity": "sha1-qBFcVeSnAv5NFQq9OHKCKn4J/Jg=",
      "dev": true,
      "requires": {
        "ansi-styles": "^2.2.1",
        "escape-string-regexp": "^1.0.2",
        "has-ansi": "^2.0.0",
        "strip-ansi": "^3.0.0",
        "supports-color": "^2.0.0"
      }
    },
    "escape-string-regexp": {
      "version": "1.0.5",
      "resolved": "https://registry.npmjs.org/escape-string-regexp/-/escape-string-regexp-1.0.5.tgz",
      "integrity": "sha1-G2HAViGQqN/2rjuyzwIAyhMLhtQ=",
      "dev": true
    },
    "gl-matrix": {
      "version": "2.4.0",
      "resolved": "https://registry.npmjs.org/gl-matrix/-/gl-matrix-2.4.0.tgz",
      "integrity": "sha1-IImxMwGinuyCLZ2Z3/wfeO6aPFA=",
      "dev": true
    },
    "has-ansi": {
      "version": "2.0.0",
      "resolved": "https://registry.npmjs.org/has-ansi/-/has-ansi-2.0.0.tgz",
      "integrity": "sha1-NPUEnOHs3ysGSa8+8k5F7TVBbZE=",
      "dev": true,
      "requires": {
        "ansi-regex": "^2.0.0"
      }
    },
    "mutexify": {
      "version": "1.2.0",
      "resolved": "https://registry.npmjs.org/mutexify/-/mutexify-1.2.0.tgz",
      "integrity": "sha512-oprzxd2zhfrJqEuB98qc1dRMMonClBQ57UPDjnbcrah4orEMTq1jq3+AcdFe5ePzdbJXI7zmdhfftIdMnhYFoQ==",
      "dev": true
    },
    "nanobench": {
      "version": "2.1.0",
      "resolved": "https://registry.npmjs.org/nanobench/-/nanobench-2.1.0.tgz",
      "integrity": "sha1-5Pe/eraTS1Jj+r9cUdwxFtjubdE=",
      "dev": true,
      "requires": {
        "chalk": "^1.1.3",
        "mutexify": "^1.1.0",
        "pretty-hrtime": "^1.0.2"
      }
    },
    "pretty-hrtime": {
      "version": "1.0.3",
      "resolved": "https://registry.npmjs.org/pretty-hrtime/-/pretty-hrtime-1.0.3.tgz",
      "integrity": "sha1-t+PqQkNaTJsnWdmeDyAesZWALuE=",
      "dev": true
    },
    "strip-ansi": {
      "version": "3.0.1",
      "resolved": "https://registry.npmjs.org/strip-ansi/-/strip-ansi-3.0.1.tgz",
      "integrity": "sha1-ajhfuIU9lS1f8F0Oiq+UJ43GPc8=",
      "dev": true,
      "requires": {
        "ansi-regex": "^2.0.0"
      }
    },
    "supports-color": {
      "version": "2.0.0",
      "resolved": "https://registry.npmjs.org/supports-color/-/supports-color-2.0.0.tgz",
      "integrity": "sha1-U10EXOa2Nj+kARcIRimZXp3zJMc=",
      "dev": true
    },
    "tape": {
      "version": "4.0.0",
      "resolved": "https://registry.npmjs.org/tape/-/tape-4.0.0.tgz",
      "integrity": "sha1-56XeNWuqZWkasaus2AP3NwIE5VM=",
      "dev": true,
      "requires": {
        "deep-equal": "~1.0.0",
        "defined": "~0.0.0",
        "glob": "~5.0.3",
        "inherits": "~2.0.1",
        "object-inspect": "~1.0.0",
        "resumer": "~0.0.0",
        "through": "~2.3.4"
      },
      "dependencies": {
        "deep-equal": {
          "version": "1.0.0",
          "resolved": "https://registry.npmjs.org/deep-equal/-/deep-equal-1.0.0.tgz",
          "integrity": "sha1-1FZPB9Lwqz5GEQvsFlkqvX3C4yY=",
          "dev": true
        },
        "defined": {
          "version": "0.0.0",
          "resolved": "https://registry.npmjs.org/defined/-/defined-0.0.0.tgz",
          "integrity": "sha1-817qfXBekzuvE7LwOz+D2SFAOz4=",
          "dev": true
        },
        "glob": {
          "version": "5.0.13",
          "resolved": "https://registry.npmjs.org/glob/-/glob-5.0.13.tgz",
          "integrity": "sha1-C2/8OsZOuQZp9yOgCg67coGzP48=",
          "dev": true,
          "requires": {
            "inflight": "^1.0.4",
            "inherits": "2",
            "minimatch": "^2.0.1",
            "once": "^1.3.0",
            "path-is-absolute": "^1.0.0"
          },
          "dependencies": {
            "inflight": {
              "version": "1.0.4",
              "resolved": "https://registry.npmjs.org/inflight/-/inflight-1.0.4.tgz",
              "integrity": "sha1-bLtFIevVHODsCpNr/XZX736bFyo=",
              "dev": true,
              "requires": {
                "once": "^1.3.0",
                "wrappy": "1"
              },
              "dependencies": {
                "wrappy": {
                  "version": "1.0.1",
                  "resolved": "https://registry.npmjs.org/wrappy/-/wrappy-1.0.1.tgz",
                  "integrity": "sha1-HmWWmWXMvC20VIxrhKbyxa7dRzk=",
                  "dev": true
                }
              }
            },
            "minimatch": {
              "version": "2.0.8",
              "resolved": "https://registry.npmjs.org/minimatch/-/minimatch-2.0.8.tgz",
              "integrity": "sha1-C8IPa/NXCmmO8N3/kCBjxsq9pr8=",
              "dev": true,
              "requires": {
                "brace-expansion": "^1.0.0"
              },
              "dependencies": {
                "brace-expansion": {
                  "version": "1.1.0",
                  "resolved": "https://registry.npmjs.org/brace-expansion/-/brace-expansion-1.1.0.tgz",
                  "integrity": "sha1-ybfQPAPze8cEvhAOUitA249s/Nk=",
                  "dev": true,
                  "requires": {
                    "balanced-match": "^0.2.0",
                    "concat-map": "0.0.1"
                  },
                  "dependencies": {
                    "balanced-match": {
                      "version": "0.2.0",
                      "resolved": "https://registry.npmjs.org/balanced-match/-/balanced-match-0.2.0.tgz",
                      "integrity": "sha1-OPZzDAOqttXtu1K9k0iF51bXFnQ=",
                      "dev": true
                    },
                    "concat-map": {
                      "version": "0.0.1",
                      "resolved": "https://registry.npmjs.org/concat-map/-/concat-map-0.0.1.tgz",
                      "integrity": "sha1-2Klr13/Wjfd5OnMDajug1UBdR3s=",
                      "dev": true
                    }
                  }
                }
              }
            },
            "once": {
              "version": "1.3.2",
              "resolved": "https://registry.npmjs.org/once/-/once-1.3.2.tgz",
              "integrity": "sha1-2P7sqTsDnsHc3ud0HJK9rF4oCBs=",
              "dev": true,
              "requires": {
                "wrappy": "1"
              },
              "dependencies": {
                "wrappy": {
                  "version": "1.0.1",
                  "resolved": "https://registry.npmjs.org/wrappy/-/wrappy-1.0.1.tgz",
                  "integrity": "sha1-HmWWmWXMvC20VIxrhKbyxa7dRzk=",
                  "dev": true
                }
              }
            },
            "path-is-absolute": {
              "version": "1.0.0",
              "resolved": "https://registry.npmjs.org/path-is-absolute/-/path-is-absolute-1.0.0.tgz",
              "integrity": "sha1-Jj2tpmqz8vsQv3+dJN2PPlcO+RI=",
              "dev": true
            }
          }
        },
        "inherits": {
          "version": "2.0.1",
          "resolved": "https://registry.npmjs.org/inherits/-/inherits-2.0.1.tgz",
          "integrity": "sha1-sX0I0ya0Qj5Wjv9xn5GwscvfafE=",
          "dev": true
        },
        "object-inspect": {
          "version": "1.0.0",
          "resolved": "https://registry.npmjs.org/object-inspect/-/object-inspect-1.0.0.tgz",
          "integrity": "sha1-32xSUxG1en1wGGkV6HuB6zN0hGg=",
          "dev": true
        },
        "resumer": {
          "version": "0.0.0",
          "resolved": "https://registry.npmjs.org/resumer/-/resumer-0.0.0.tgz",
          "integrity": "sha1-8ej0YeQGS6Oegq883CqMiT0HZ1k=",
          "dev": true,
          "requires": {
            "through": "~2.3.4"
          }
        },
        "through": {
          "version": "2.3.8",
          "resolved": "https://registry.npmjs.org/through/-/through-2.3.8.tgz",
          "integrity": "sha1-DdTJ/6q8NXlgsbckEV1+Doai4fU=",
          "dev": true
        }
      }
    }
  }
}
